// !$*UTF8*$!
{
	archiveVersion = 1;
	classes = {
	};
	objectVersion = 50;
	objects = {

/* Begin PBXBuildFile section */
		128D8D169E76306AC2645185 /* Pods_ParseChatUITests.framework in Frameworks */ = {isa = PBXBuildFile; fileRef = 699799A3C3B81BBE4CCA8DD9 /* Pods_ParseChatUITests.framework */; };
		758D14BDE5BD60BCCE6AC84B /* Pods_ParseChatTests.framework in Frameworks */ = {isa = PBXBuildFile; fileRef = 752888C180A0585A14A269EE /* Pods_ParseChatTests.framework */; };
		A77BE48D217E9C3E000AB364 /* AppDelegate.swift in Sources */ = {isa = PBXBuildFile; fileRef = A77BE48C217E9C3E000AB364 /* AppDelegate.swift */; };
		A77BE48F217E9C3E000AB364 /* ViewController.swift in Sources */ = {isa = PBXBuildFile; fileRef = A77BE48E217E9C3E000AB364 /* ViewController.swift */; };
		A77BE492217E9C3E000AB364 /* Main.storyboard in Resources */ = {isa = PBXBuildFile; fileRef = A77BE490217E9C3E000AB364 /* Main.storyboard */; };
		A77BE494217E9C41000AB364 /* Assets.xcassets in Resources */ = {isa = PBXBuildFile; fileRef = A77BE493217E9C41000AB364 /* Assets.xcassets */; };
		A77BE497217E9C41000AB364 /* LaunchScreen.storyboard in Resources */ = {isa = PBXBuildFile; fileRef = A77BE495217E9C41000AB364 /* LaunchScreen.storyboard */; };
		A77BE4A2217E9C41000AB364 /* ParseChatTests.swift in Sources */ = {isa = PBXBuildFile; fileRef = A77BE4A1217E9C41000AB364 /* ParseChatTests.swift */; };
		A77BE4AD217E9C41000AB364 /* ParseChatUITests.swift in Sources */ = {isa = PBXBuildFile; fileRef = A77BE4AC217E9C41000AB364 /* ParseChatUITests.swift */; };
		AC872811B2D98A44DEA5E9F3 /* Pods_ParseChat.framework in Frameworks */ = {isa = PBXBuildFile; fileRef = AC147A7351E3971AEB5BDD8A /* Pods_ParseChat.framework */; };
/* End PBXBuildFile section */

/* Begin PBXContainerItemProxy section */
		A77BE49E217E9C41000AB364 /* PBXContainerItemProxy */ = {
			isa = PBXContainerItemProxy;
			containerPortal = A77BE481217E9C3D000AB364 /* Project object */;
			proxyType = 1;
			remoteGlobalIDString = A77BE488217E9C3D000AB364;
			remoteInfo = ParseChat;
		};
		A77BE4A9217E9C41000AB364 /* PBXContainerItemProxy */ = {
			isa = PBXContainerItemProxy;
			containerPortal = A77BE481217E9C3D000AB364 /* Project object */;
			proxyType = 1;
			remoteGlobalIDString = A77BE488217E9C3D000AB364;
			remoteInfo = ParseChat;
		};
/* End PBXContainerItemProxy section */

/* Begin PBXFileReference section */
		328F7B8615290018E8A2E9C9 /* Pods-ParseChatUITests.release.xcconfig */ = {isa = PBXFileReference; includeInIndex = 1; lastKnownFileType = text.xcconfig; name = "Pods-ParseChatUITests.release.xcconfig"; path = "Pods/Target Support Files/Pods-ParseChatUITests/Pods-ParseChatUITests.release.xcconfig"; sourceTree = "<group>"; };
		4F170E0B1903F5AA297BB660 /* Pods-ParseChatTests.debug.xcconfig */ = {isa = PBXFileReference; includeInIndex = 1; lastKnownFileType = text.xcconfig; name = "Pods-ParseChatTests.debug.xcconfig"; path = "Pods/Target Support Files/Pods-ParseChatTests/Pods-ParseChatTests.debug.xcconfig"; sourceTree = "<group>"; };
		699799A3C3B81BBE4CCA8DD9 /* Pods_ParseChatUITests.framework */ = {isa = PBXFileReference; explicitFileType = wrapper.framework; includeInIndex = 0; path = Pods_ParseChatUITests.framework; sourceTree = BUILT_PRODUCTS_DIR; };
		752888C180A0585A14A269EE /* Pods_ParseChatTests.framework */ = {isa = PBXFileReference; explicitFileType = wrapper.framework; includeInIndex = 0; path = Pods_ParseChatTests.framework; sourceTree = BUILT_PRODUCTS_DIR; };
		A77BE489217E9C3E000AB364 /* ParseChat.app */ = {isa = PBXFileReference; explicitFileType = wrapper.application; includeInIndex = 0; path = ParseChat.app; sourceTree = BUILT_PRODUCTS_DIR; };
		A77BE48C217E9C3E000AB364 /* AppDelegate.swift */ = {isa = PBXFileReference; lastKnownFileType = sourcecode.swift; path = AppDelegate.swift; sourceTree = "<group>"; };
		A77BE48E217E9C3E000AB364 /* ViewController.swift */ = {isa = PBXFileReference; lastKnownFileType = sourcecode.swift; path = ViewController.swift; sourceTree = "<group>"; };
		A77BE491217E9C3E000AB364 /* Base */ = {isa = PBXFileReference; lastKnownFileType = file.storyboard; name = Base; path = Base.lproj/Main.storyboard; sourceTree = "<group>"; };
		A77BE493217E9C41000AB364 /* Assets.xcassets */ = {isa = PBXFileReference; lastKnownFileType = folder.assetcatalog; path = Assets.xcassets; sourceTree = "<group>"; };
		A77BE496217E9C41000AB364 /* Base */ = {isa = PBXFileReference; lastKnownFileType = file.storyboard; name = Base; path = Base.lproj/LaunchScreen.storyboard; sourceTree = "<group>"; };
		A77BE498217E9C41000AB364 /* Info.plist */ = {isa = PBXFileReference; lastKnownFileType = text.plist.xml; path = Info.plist; sourceTree = "<group>"; };
		A77BE49D217E9C41000AB364 /* ParseChatTests.xctest */ = {isa = PBXFileReference; explicitFileType = wrapper.cfbundle; includeInIndex = 0; path = ParseChatTests.xctest; sourceTree = BUILT_PRODUCTS_DIR; };
		A77BE4A1217E9C41000AB364 /* ParseChatTests.swift */ = {isa = PBXFileReference; lastKnownFileType = sourcecode.swift; path = ParseChatTests.swift; sourceTree = "<group>"; };
		A77BE4A3217E9C41000AB364 /* Info.plist */ = {isa = PBXFileReference; lastKnownFileType = text.plist.xml; path = Info.plist; sourceTree = "<group>"; };
		A77BE4A8217E9C41000AB364 /* ParseChatUITests.xctest */ = {isa = PBXFileReference; explicitFileType = wrapper.cfbundle; includeInIndex = 0; path = ParseChatUITests.xctest; sourceTree = BUILT_PRODUCTS_DIR; };
		A77BE4AC217E9C41000AB364 /* ParseChatUITests.swift */ = {isa = PBXFileReference; lastKnownFileType = sourcecode.swift; path = ParseChatUITests.swift; sourceTree = "<group>"; };
		A77BE4AE217E9C41000AB364 /* Info.plist */ = {isa = PBXFileReference; lastKnownFileType = text.plist.xml; path = Info.plist; sourceTree = "<group>"; };
		AC147A7351E3971AEB5BDD8A /* Pods_ParseChat.framework */ = {isa = PBXFileReference; explicitFileType = wrapper.framework; includeInIndex = 0; path = Pods_ParseChat.framework; sourceTree = BUILT_PRODUCTS_DIR; };
		C6E80D4ACD2757C090CBABBB /* Pods-ParseChat.release.xcconfig */ = {isa = PBXFileReference; includeInIndex = 1; lastKnownFileType = text.xcconfig; name = "Pods-ParseChat.release.xcconfig"; path = "Pods/Target Support Files/Pods-ParseChat/Pods-ParseChat.release.xcconfig"; sourceTree = "<group>"; };
		CE47095CAFFDDA12BF00DE09 /* Pods-ParseChat.debug.xcconfig */ = {isa = PBXFileReference; includeInIndex = 1; lastKnownFileType = text.xcconfig; name = "Pods-ParseChat.debug.xcconfig"; path = "Pods/Target Support Files/Pods-ParseChat/Pods-ParseChat.debug.xcconfig"; sourceTree = "<group>"; };
		E37AB9ECA022B9F987BC54C1 /* Pods-ParseChatUITests.debug.xcconfig */ = {isa = PBXFileReference; includeInIndex = 1; lastKnownFileType = text.xcconfig; name = "Pods-ParseChatUITests.debug.xcconfig"; path = "Pods/Target Support Files/Pods-ParseChatUITests/Pods-ParseChatUITests.debug.xcconfig"; sourceTree = "<group>"; };
		EBF3FFE02F80A7D7864E5020 /* Pods-ParseChatTests.release.xcconfig */ = {isa = PBXFileReference; includeInIndex = 1; lastKnownFileType = text.xcconfig; name = "Pods-ParseChatTests.release.xcconfig"; path = "Pods/Target Support Files/Pods-ParseChatTests/Pods-ParseChatTests.release.xcconfig"; sourceTree = "<group>"; };
/* End PBXFileReference section */

/* Begin PBXFrameworksBuildPhase section */
		A77BE486217E9C3D000AB364 /* Frameworks */ = {
			isa = PBXFrameworksBuildPhase;
			buildActionMask = 2147483647;
			files = (
				AC872811B2D98A44DEA5E9F3 /* Pods_ParseChat.framework in Frameworks */,
			);
			runOnlyForDeploymentPostprocessing = 0;
		};
		A77BE49A217E9C41000AB364 /* Frameworks */ = {
			isa = PBXFrameworksBuildPhase;
			buildActionMask = 2147483647;
			files = (
				758D14BDE5BD60BCCE6AC84B /* Pods_ParseChatTests.framework in Frameworks */,
			);
			runOnlyForDeploymentPostprocessing = 0;
		};
		A77BE4A5217E9C41000AB364 /* Frameworks */ = {
			isa = PBXFrameworksBuildPhase;
			buildActionMask = 2147483647;
			files = (
				128D8D169E76306AC2645185 /* Pods_ParseChatUITests.framework in Frameworks */,
			);
			runOnlyForDeploymentPostprocessing = 0;
		};
/* End PBXFrameworksBuildPhase section */

/* Begin PBXGroup section */
		1BD2CB7C0DB0EB3DBC6B6823 /* Pods */ = {
			isa = PBXGroup;
			children = (
				CE47095CAFFDDA12BF00DE09 /* Pods-ParseChat.debug.xcconfig */,
				C6E80D4ACD2757C090CBABBB /* Pods-ParseChat.release.xcconfig */,
				4F170E0B1903F5AA297BB660 /* Pods-ParseChatTests.debug.xcconfig */,
				EBF3FFE02F80A7D7864E5020 /* Pods-ParseChatTests.release.xcconfig */,
				E37AB9ECA022B9F987BC54C1 /* Pods-ParseChatUITests.debug.xcconfig */,
				328F7B8615290018E8A2E9C9 /* Pods-ParseChatUITests.release.xcconfig */,
			);
			name = Pods;
			sourceTree = "<group>";
		};
		A77BE480217E9C3D000AB364 = {
			isa = PBXGroup;
			children = (
				A77BE48B217E9C3E000AB364 /* ParseChat */,
				A77BE4A0217E9C41000AB364 /* ParseChatTests */,
				A77BE4AB217E9C41000AB364 /* ParseChatUITests */,
				A77BE48A217E9C3E000AB364 /* Products */,
				1BD2CB7C0DB0EB3DBC6B6823 /* Pods */,
				AEEB25D8BFA2B45BF4B7FC4E /* Frameworks */,
			);
			sourceTree = "<group>";
		};
		A77BE48A217E9C3E000AB364 /* Products */ = {
			isa = PBXGroup;
			children = (
				A77BE489217E9C3E000AB364 /* ParseChat.app */,
				A77BE49D217E9C41000AB364 /* ParseChatTests.xctest */,
				A77BE4A8217E9C41000AB364 /* ParseChatUITests.xctest */,
			);
			name = Products;
			sourceTree = "<group>";
		};
		A77BE48B217E9C3E000AB364 /* ParseChat */ = {
			isa = PBXGroup;
			children = (
				A77BE48C217E9C3E000AB364 /* AppDelegate.swift */,
				A77BE48E217E9C3E000AB364 /* ViewController.swift */,
				A77BE490217E9C3E000AB364 /* Main.storyboard */,
				A77BE493217E9C41000AB364 /* Assets.xcassets */,
				A77BE495217E9C41000AB364 /* LaunchScreen.storyboard */,
				A77BE498217E9C41000AB364 /* Info.plist */,
			);
			path = ParseChat;
			sourceTree = "<group>";
		};
		A77BE4A0217E9C41000AB364 /* ParseChatTests */ = {
			isa = PBXGroup;
			children = (
				A77BE4A1217E9C41000AB364 /* ParseChatTests.swift */,
				A77BE4A3217E9C41000AB364 /* Info.plist */,
			);
			path = ParseChatTests;
			sourceTree = "<group>";
		};
		A77BE4AB217E9C41000AB364 /* ParseChatUITests */ = {
			isa = PBXGroup;
			children = (
				A77BE4AC217E9C41000AB364 /* ParseChatUITests.swift */,
				A77BE4AE217E9C41000AB364 /* Info.plist */,
			);
			path = ParseChatUITests;
			sourceTree = "<group>";
		};
		AEEB25D8BFA2B45BF4B7FC4E /* Frameworks */ = {
			isa = PBXGroup;
			children = (
				AC147A7351E3971AEB5BDD8A /* Pods_ParseChat.framework */,
				752888C180A0585A14A269EE /* Pods_ParseChatTests.framework */,
				699799A3C3B81BBE4CCA8DD9 /* Pods_ParseChatUITests.framework */,
			);
			name = Frameworks;
			sourceTree = "<group>";
		};
/* End PBXGroup section */

/* Begin PBXNativeTarget section */
		A77BE488217E9C3D000AB364 /* ParseChat */ = {
			isa = PBXNativeTarget;
			buildConfigurationList = A77BE4B1217E9C41000AB364 /* Build configuration list for PBXNativeTarget "ParseChat" */;
			buildPhases = (
				DDDA4F5D34D1CDD14482B2AC /* [CP] Check Pods Manifest.lock */,
				A77BE485217E9C3D000AB364 /* Sources */,
				A77BE486217E9C3D000AB364 /* Frameworks */,
				A77BE487217E9C3D000AB364 /* Resources */,
				8A75D5A41C6ADBA0B26C2A34 /* [CP] Embed Pods Frameworks */,
			);
			buildRules = (
			);
			dependencies = (
			);
			name = ParseChat;
			productName = ParseChat;
			productReference = A77BE489217E9C3E000AB364 /* ParseChat.app */;
			productType = "com.apple.product-type.application";
		};
		A77BE49C217E9C41000AB364 /* ParseChatTests */ = {
			isa = PBXNativeTarget;
			buildConfigurationList = A77BE4B4217E9C41000AB364 /* Build configuration list for PBXNativeTarget "ParseChatTests" */;
			buildPhases = (
				98033B247E2097348E8B2A9B /* [CP] Check Pods Manifest.lock */,
				A77BE499217E9C41000AB364 /* Sources */,
				A77BE49A217E9C41000AB364 /* Frameworks */,
				A77BE49B217E9C41000AB364 /* Resources */,
			);
			buildRules = (
			);
			dependencies = (
				A77BE49F217E9C41000AB364 /* PBXTargetDependency */,
			);
			name = ParseChatTests;
			productName = ParseChatTests;
			productReference = A77BE49D217E9C41000AB364 /* ParseChatTests.xctest */;
			productType = "com.apple.product-type.bundle.unit-test";
		};
		A77BE4A7217E9C41000AB364 /* ParseChatUITests */ = {
			isa = PBXNativeTarget;
			buildConfigurationList = A77BE4B7217E9C41000AB364 /* Build configuration list for PBXNativeTarget "ParseChatUITests" */;
			buildPhases = (
				2BB07A3D1BBBC40A8E171E00 /* [CP] Check Pods Manifest.lock */,
				A77BE4A4217E9C41000AB364 /* Sources */,
				A77BE4A5217E9C41000AB364 /* Frameworks */,
				A77BE4A6217E9C41000AB364 /* Resources */,
			);
			buildRules = (
			);
			dependencies = (
				A77BE4AA217E9C41000AB364 /* PBXTargetDependency */,
			);
			name = ParseChatUITests;
			productName = ParseChatUITests;
			productReference = A77BE4A8217E9C41000AB364 /* ParseChatUITests.xctest */;
			productType = "com.apple.product-type.bundle.ui-testing";
		};
/* End PBXNativeTarget section */

/* Begin PBXProject section */
		A77BE481217E9C3D000AB364 /* Project object */ = {
			isa = PBXProject;
			attributes = {
				LastSwiftUpdateCheck = 1000;
				LastUpgradeCheck = 1000;
				ORGANIZATIONNAME = "Abraham De Alba";
				TargetAttributes = {
					A77BE488217E9C3D000AB364 = {
						CreatedOnToolsVersion = 10.0;
					};
					A77BE49C217E9C41000AB364 = {
						CreatedOnToolsVersion = 10.0;
						TestTargetID = A77BE488217E9C3D000AB364;
					};
					A77BE4A7217E9C41000AB364 = {
						CreatedOnToolsVersion = 10.0;
						TestTargetID = A77BE488217E9C3D000AB364;
					};
				};
			};
			buildConfigurationList = A77BE484217E9C3D000AB364 /* Build configuration list for PBXProject "ParseChat" */;
			compatibilityVersion = "Xcode 9.3";
			developmentRegion = en;
			hasScannedForEncodings = 0;
			knownRegions = (
				en,
				Base,
			);
			mainGroup = A77BE480217E9C3D000AB364;
			productRefGroup = A77BE48A217E9C3E000AB364 /* Products */;
			projectDirPath = "";
			projectRoot = "";
			targets = (
				A77BE488217E9C3D000AB364 /* ParseChat */,
				A77BE49C217E9C41000AB364 /* ParseChatTests */,
				A77BE4A7217E9C41000AB364 /* ParseChatUITests */,
			);
		};
/* End PBXProject section */

/* Begin PBXResourcesBuildPhase section */
		A77BE487217E9C3D000AB364 /* Resources */ = {
			isa = PBXResourcesBuildPhase;
			buildActionMask = 2147483647;
			files = (
				A77BE497217E9C41000AB364 /* LaunchScreen.storyboard in Resources */,
				A77BE494217E9C41000AB364 /* Assets.xcassets in Resources */,
				A77BE492217E9C3E000AB364 /* Main.storyboard in Resources */,
			);
			runOnlyForDeploymentPostprocessing = 0;
		};
		A77BE49B217E9C41000AB364 /* Resources */ = {
			isa = PBXResourcesBuildPhase;
			buildActionMask = 2147483647;
			files = (
			);
			runOnlyForDeploymentPostprocessing = 0;
		};
		A77BE4A6217E9C41000AB364 /* Resources */ = {
			isa = PBXResourcesBuildPhase;
			buildActionMask = 2147483647;
			files = (
			);
			runOnlyForDeploymentPostprocessing = 0;
		};
/* End PBXResourcesBuildPhase section */

/* Begin PBXShellScriptBuildPhase section */
		2BB07A3D1BBBC40A8E171E00 /* [CP] Check Pods Manifest.lock */ = {
			isa = PBXShellScriptBuildPhase;
			buildActionMask = 2147483647;
			files = (
			);
			inputFileListPaths = (
			);
			inputPaths = (
				"${PODS_PODFILE_DIR_PATH}/Podfile.lock",
				"${PODS_ROOT}/Manifest.lock",
			);
			name = "[CP] Check Pods Manifest.lock";
			outputFileListPaths = (
			);
			outputPaths = (
				"$(DERIVED_FILE_DIR)/Pods-ParseChatUITests-checkManifestLockResult.txt",
			);
			runOnlyForDeploymentPostprocessing = 0;
			shellPath = /bin/sh;
			shellScript = "diff \"${PODS_PODFILE_DIR_PATH}/Podfile.lock\" \"${PODS_ROOT}/Manifest.lock\" > /dev/null\nif [ $? != 0 ] ; then\n    # print error to STDERR\n    echo \"error: The sandbox is not in sync with the Podfile.lock. Run 'pod install' or update your CocoaPods installation.\" >&2\n    exit 1\nfi\n# This output is used by Xcode 'outputs' to avoid re-running this script phase.\necho \"SUCCESS\" > \"${SCRIPT_OUTPUT_FILE_0}\"\n";
			showEnvVarsInLog = 0;
		};
		8A75D5A41C6ADBA0B26C2A34 /* [CP] Embed Pods Frameworks */ = {
			isa = PBXShellScriptBuildPhase;
			buildActionMask = 2147483647;
			files = (
			);
			inputFileListPaths = (
			);
			inputPaths = (
				"${SRCROOT}/Pods/Target Support Files/Pods-ParseChat/Pods-ParseChat-frameworks.sh",
				"${BUILT_PRODUCTS_DIR}/Bolts/Bolts.framework",
				"${BUILT_PRODUCTS_DIR}/Parse/Parse.framework",
			);
			name = "[CP] Embed Pods Frameworks";
			outputFileListPaths = (
			);
			outputPaths = (
				"${TARGET_BUILD_DIR}/${FRAMEWORKS_FOLDER_PATH}/Bolts.framework",
				"${TARGET_BUILD_DIR}/${FRAMEWORKS_FOLDER_PATH}/Parse.framework",
			);
			runOnlyForDeploymentPostprocessing = 0;
			shellPath = /bin/sh;
			shellScript = "\"${SRCROOT}/Pods/Target Support Files/Pods-ParseChat/Pods-ParseChat-frameworks.sh\"\n";
			showEnvVarsInLog = 0;
		};
		98033B247E2097348E8B2A9B /* [CP] Check Pods Manifest.lock */ = {
			isa = PBXShellScriptBuildPhase;
			buildActionMask = 2147483647;
			files = (
			);
			inputFileListPaths = (
			);
			inputPaths = (
				"${PODS_PODFILE_DIR_PATH}/Podfile.lock",
				"${PODS_ROOT}/Manifest.lock",
			);
			name = "[CP] Check Pods Manifest.lock";
			outputFileListPaths = (
			);
			outputPaths = (
				"$(DERIVED_FILE_DIR)/Pods-ParseChatTests-checkManifestLockResult.txt",
			);
			runOnlyForDeploymentPostprocessing = 0;
			shellPath = /bin/sh;
			shellScript = "diff \"${PODS_PODFILE_DIR_PATH}/Podfile.lock\" \"${PODS_ROOT}/Manifest.lock\" > /dev/null\nif [ $? != 0 ] ; then\n    # print error to STDERR\n    echo \"error: The sandbox is not in sync with the Podfile.lock. Run 'pod install' or update your CocoaPods installation.\" >&2\n    exit 1\nfi\n# This output is used by Xcode 'outputs' to avoid re-running this script phase.\necho \"SUCCESS\" > \"${SCRIPT_OUTPUT_FILE_0}\"\n";
			showEnvVarsInLog = 0;
		};
		DDDA4F5D34D1CDD14482B2AC /* [CP] Check Pods Manifest.lock */ = {
			isa = PBXShellScriptBuildPhase;
			buildActionMask = 2147483647;
			files = (
			);
			inputFileListPaths = (
			);
			inputPaths = (
				"${PODS_PODFILE_DIR_PATH}/Podfile.lock",
				"${PODS_ROOT}/Manifest.lock",
			);
			name = "[CP] Check Pods Manifest.lock";
			outputFileListPaths = (
			);
			outputPaths = (
				"$(DERIVED_FILE_DIR)/Pods-ParseChat-checkManifestLockResult.txt",
			);
			runOnlyForDeploymentPostprocessing = 0;
			shellPath = /bin/sh;
			shellScript = "diff \"${PODS_PODFILE_DIR_PATH}/Podfile.lock\" \"${PODS_ROOT}/Manifest.lock\" > /dev/null\nif [ $? != 0 ] ; then\n    # print error to STDERR\n    echo \"error: The sandbox is not in sync with the Podfile.lock. Run 'pod install' or update your CocoaPods installation.\" >&2\n    exit 1\nfi\n# This output is used by Xcode 'outputs' to avoid re-running this script phase.\necho \"SUCCESS\" > \"${SCRIPT_OUTPUT_FILE_0}\"\n";
			showEnvVarsInLog = 0;
		};
/* End PBXShellScriptBuildPhase section */

/* Begin PBXSourcesBuildPhase section */
		A77BE485217E9C3D000AB364 /* Sources */ = {
			isa = PBXSourcesBuildPhase;
			buildActionMask = 2147483647;
			files = (
				A77BE48F217E9C3E000AB364 /* ViewController.swift in Sources */,
				A77BE48D217E9C3E000AB364 /* AppDelegate.swift in Sources */,
			);
			runOnlyForDeploymentPostprocessing = 0;
		};
		A77BE499217E9C41000AB364 /* Sources */ = {
			isa = PBXSourcesBuildPhase;
			buildActionMask = 2147483647;
			files = (
				A77BE4A2217E9C41000AB364 /* ParseChatTests.swift in Sources */,
			);
			runOnlyForDeploymentPostprocessing = 0;
		};
		A77BE4A4217E9C41000AB364 /* Sources */ = {
			isa = PBXSourcesBuildPhase;
			buildActionMask = 2147483647;
			files = (
				A77BE4AD217E9C41000AB364 /* ParseChatUITests.swift in Sources */,
			);
			runOnlyForDeploymentPostprocessing = 0;
		};
/* End PBXSourcesBuildPhase section */

/* Begin PBXTargetDependency section */
		A77BE49F217E9C41000AB364 /* PBXTargetDependency */ = {
			isa = PBXTargetDependency;
			target = A77BE488217E9C3D000AB364 /* ParseChat */;
			targetProxy = A77BE49E217E9C41000AB364 /* PBXContainerItemProxy */;
		};
		A77BE4AA217E9C41000AB364 /* PBXTargetDependency */ = {
			isa = PBXTargetDependency;
			target = A77BE488217E9C3D000AB364 /* ParseChat */;
			targetProxy = A77BE4A9217E9C41000AB364 /* PBXContainerItemProxy */;
		};
/* End PBXTargetDependency section */

/* Begin PBXVariantGroup section */
		A77BE490217E9C3E000AB364 /* Main.storyboard */ = {
			isa = PBXVariantGroup;
			children = (
				A77BE491217E9C3E000AB364 /* Base */,
			);
			name = Main.storyboard;
			sourceTree = "<group>";
		};
		A77BE495217E9C41000AB364 /* LaunchScreen.storyboard */ = {
			isa = PBXVariantGroup;
			children = (
				A77BE496217E9C41000AB364 /* Base */,
			);
			name = LaunchScreen.storyboard;
			sourceTree = "<group>";
		};
/* End PBXVariantGroup section */

/* Begin XCBuildConfiguration section */
		A77BE4AF217E9C41000AB364 /* Debug */ = {
			isa = XCBuildConfiguration;
			buildSettings = {
				ALWAYS_SEARCH_USER_PATHS = NO;
				CLANG_ANALYZER_NONNULL = YES;
				CLANG_ANALYZER_NUMBER_OBJECT_CONVERSION = YES_AGGRESSIVE;
				CLANG_CXX_LANGUAGE_STANDARD = "gnu++14";
				CLANG_CXX_LIBRARY = "libc++";
				CLANG_ENABLE_MODULES = YES;
				CLANG_ENABLE_OBJC_ARC = YES;
				CLANG_ENABLE_OBJC_WEAK = YES;
				CLANG_WARN_BLOCK_CAPTURE_AUTORELEASING = YES;
				CLANG_WARN_BOOL_CONVERSION = YES;
				CLANG_WARN_COMMA = YES;
				CLANG_WARN_CONSTANT_CONVERSION = YES;
				CLANG_WARN_DEPRECATED_OBJC_IMPLEMENTATIONS = YES;
				CLANG_WARN_DIRECT_OBJC_ISA_USAGE = YES_ERROR;
				CLANG_WARN_DOCUMENTATION_COMMENTS = YES;
				CLANG_WARN_EMPTY_BODY = YES;
				CLANG_WARN_ENUM_CONVERSION = YES;
				CLANG_WARN_INFINITE_RECURSION = YES;
				CLANG_WARN_INT_CONVERSION = YES;
				CLANG_WARN_NON_LITERAL_NULL_CONVERSION = YES;
				CLANG_WARN_OBJC_IMPLICIT_RETAIN_SELF = YES;
				CLANG_WARN_OBJC_LITERAL_CONVERSION = YES;
				CLANG_WARN_OBJC_ROOT_CLASS = YES_ERROR;
				CLANG_WARN_RANGE_LOOP_ANALYSIS = YES;
				CLANG_WARN_STRICT_PROTOTYPES = YES;
				CLANG_WARN_SUSPICIOUS_MOVE = YES;
				CLANG_WARN_UNGUARDED_AVAILABILITY = YES_AGGRESSIVE;
				CLANG_WARN_UNREACHABLE_CODE = YES;
				CLANG_WARN__DUPLICATE_METHOD_MATCH = YES;
				CODE_SIGN_IDENTITY = "iPhone Developer";
				COPY_PHASE_STRIP = NO;
				DEBUG_INFORMATION_FORMAT = dwarf;
				ENABLE_STRICT_OBJC_MSGSEND = YES;
				ENABLE_TESTABILITY = YES;
				GCC_C_LANGUAGE_STANDARD = gnu11;
				GCC_DYNAMIC_NO_PIC = NO;
				GCC_NO_COMMON_BLOCKS = YES;
				GCC_OPTIMIZATION_LEVEL = 0;
				GCC_PREPROCESSOR_DEFINITIONS = (
					"DEBUG=1",
					"$(inherited)",
				);
				GCC_WARN_64_TO_32_BIT_CONVERSION = YES;
				GCC_WARN_ABOUT_RETURN_TYPE = YES_ERROR;
				GCC_WARN_UNDECLARED_SELECTOR = YES;
				GCC_WARN_UNINITIALIZED_AUTOS = YES_AGGRESSIVE;
				GCC_WARN_UNUSED_FUNCTION = YES;
				GCC_WARN_UNUSED_VARIABLE = YES;
				IPHONEOS_DEPLOYMENT_TARGET = 12.0;
				MTL_ENABLE_DEBUG_INFO = INCLUDE_SOURCE;
				MTL_FAST_MATH = YES;
				ONLY_ACTIVE_ARCH = YES;
				SDKROOT = iphoneos;
				SWIFT_ACTIVE_COMPILATION_CONDITIONS = DEBUG;
				SWIFT_OPTIMIZATION_LEVEL = "-Onone";
			};
			name = Debug;
		};
		A77BE4B0217E9C41000AB364 /* Release */ = {
			isa = XCBuildConfiguration;
			buildSettings = {
				ALWAYS_SEARCH_USER_PATHS = NO;
				CLANG_ANALYZER_NONNULL = YES;
				CLANG_ANALYZER_NUMBER_OBJECT_CONVERSION = YES_AGGRESSIVE;
				CLANG_CXX_LANGUAGE_STANDARD = "gnu++14";
				CLANG_CXX_LIBRARY = "libc++";
				CLANG_ENABLE_MODULES = YES;
				CLANG_ENABLE_OBJC_ARC = YES;
				CLANG_ENABLE_OBJC_WEAK = YES;
				CLANG_WARN_BLOCK_CAPTURE_AUTORELEASING = YES;
				CLANG_WARN_BOOL_CONVERSION = YES;
				CLANG_WARN_COMMA = YES;
				CLANG_WARN_CONSTANT_CONVERSION = YES;
				CLANG_WARN_DEPRECATED_OBJC_IMPLEMENTATIONS = YES;
				CLANG_WARN_DIRECT_OBJC_ISA_USAGE = YES_ERROR;
				CLANG_WARN_DOCUMENTATION_COMMENTS = YES;
				CLANG_WARN_EMPTY_BODY = YES;
				CLANG_WARN_ENUM_CONVERSION = YES;
				CLANG_WARN_INFINITE_RECURSION = YES;
				CLANG_WARN_INT_CONVERSION = YES;
				CLANG_WARN_NON_LITERAL_NULL_CONVERSION = YES;
				CLANG_WARN_OBJC_IMPLICIT_RETAIN_SELF = YES;
				CLANG_WARN_OBJC_LITERAL_CONVERSION = YES;
				CLANG_WARN_OBJC_ROOT_CLASS = YES_ERROR;
				CLANG_WARN_RANGE_LOOP_ANALYSIS = YES;
				CLANG_WARN_STRICT_PROTOTYPES = YES;
				CLANG_WARN_SUSPICIOUS_MOVE = YES;
				CLANG_WARN_UNGUARDED_AVAILABILITY = YES_AGGRESSIVE;
				CLANG_WARN_UNREACHABLE_CODE = YES;
				CLANG_WARN__DUPLICATE_METHOD_MATCH = YES;
				CODE_SIGN_IDENTITY = "iPhone Developer";
				COPY_PHASE_STRIP = NO;
				DEBUG_INFORMATION_FORMAT = "dwarf-with-dsym";
				ENABLE_NS_ASSERTIONS = NO;
				ENABLE_STRICT_OBJC_MSGSEND = YES;
				GCC_C_LANGUAGE_STANDARD = gnu11;
				GCC_NO_COMMON_BLOCKS = YES;
				GCC_WARN_64_TO_32_BIT_CONVERSION = YES;
				GCC_WARN_ABOUT_RETURN_TYPE = YES_ERROR;
				GCC_WARN_UNDECLARED_SELECTOR = YES;
				GCC_WARN_UNINITIALIZED_AUTOS = YES_AGGRESSIVE;
				GCC_WARN_UNUSED_FUNCTION = YES;
				GCC_WARN_UNUSED_VARIABLE = YES;
				IPHONEOS_DEPLOYMENT_TARGET = 12.0;
				MTL_ENABLE_DEBUG_INFO = NO;
				MTL_FAST_MATH = YES;
				SDKROOT = iphoneos;
				SWIFT_COMPILATION_MODE = wholemodule;
				SWIFT_OPTIMIZATION_LEVEL = "-O";
				VALIDATE_PRODUCT = YES;
			};
			name = Release;
		};
		A77BE4B2217E9C41000AB364 /* Debug */ = {
			isa = XCBuildConfiguration;
			baseConfigurationReference = CE47095CAFFDDA12BF00DE09 /* Pods-ParseChat.debug.xcconfig */;
			buildSettings = {
				ASSETCATALOG_COMPILER_APPICON_NAME = AppIcon;
				CODE_SIGN_STYLE = Automatic;
				DEVELOPMENT_TEAM = 856QQ6N8B4;
				INFOPLIST_FILE = ParseChat/Info.plist;
				LD_RUNPATH_SEARCH_PATHS = (
					"$(inherited)",
					"@executable_path/Frameworks",
				);
				PRODUCT_BUNDLE_IDENTIFIER = com.abraham.ParseChat;
				PRODUCT_NAME = "$(TARGET_NAME)";
				SWIFT_VERSION = 4.2;
				TARGETED_DEVICE_FAMILY = "1,2";
			};
			name = Debug;
		};
		A77BE4B3217E9C41000AB364 /* Release */ = {
			isa = XCBuildConfiguration;
			baseConfigurationReference = C6E80D4ACD2757C090CBABBB /* Pods-ParseChat.release.xcconfig */;
			buildSettings = {
				ASSETCATALOG_COMPILER_APPICON_NAME = AppIcon;
				CODE_SIGN_STYLE = Automatic;
				DEVELOPMENT_TEAM = 856QQ6N8B4;
				INFOPLIST_FILE = ParseChat/Info.plist;
				LD_RUNPATH_SEARCH_PATHS = (
					"$(inherited)",
					"@executable_path/Frameworks",
				);
				PRODUCT_BUNDLE_IDENTIFIER = com.abraham.ParseChat;
				PRODUCT_NAME = "$(TARGET_NAME)";
				SWIFT_VERSION = 4.2;
				TARGETED_DEVICE_FAMILY = "1,2";
			};
			name = Release;
		};
		A77BE4B5217E9C41000AB364 /* Debug */ = {
			isa = XCBuildConfiguration;
			baseConfigurationReference = 4F170E0B1903F5AA297BB660 /* Pods-ParseChatTests.debug.xcconfig */;
			buildSettings = {
				ALWAYS_EMBED_SWIFT_STANDARD_LIBRARIES = YES;
				BUNDLE_LOADER = "$(TEST_HOST)";
				CODE_SIGN_STYLE = Automatic;
				DEVELOPMENT_TEAM = 856QQ6N8B4;
				INFOPLIST_FILE = ParseChatTests/Info.plist;
				LD_RUNPATH_SEARCH_PATHS = (
					"$(inherited)",
					"@executable_path/Frameworks",
					"@loader_path/Frameworks",
				);
				PRODUCT_BUNDLE_IDENTIFIER = com.abraham.ParseChatTests;
				PRODUCT_NAME = "$(TARGET_NAME)";
				SWIFT_VERSION = 4.2;
				TARGETED_DEVICE_FAMILY = "1,2";
				TEST_HOST = "$(BUILT_PRODUCTS_DIR)/ParseChat.app/ParseChat";
			};
			name = Debug;
		};
		A77BE4B6217E9C41000AB364 /* Release */ = {
			isa = XCBuildConfiguration;
			baseConfigurationReference = EBF3FFE02F80A7D7864E5020 /* Pods-ParseChatTests.release.xcconfig */;
			buildSettings = {
				ALWAYS_EMBED_SWIFT_STANDARD_LIBRARIES = YES;
				BUNDLE_LOADER = "$(TEST_HOST)";
				CODE_SIGN_STYLE = Automatic;
				DEVELOPMENT_TEAM = 856QQ6N8B4;
				INFOPLIST_FILE = ParseChatTests/Info.plist;
				LD_RUNPATH_SEARCH_PATHS = (
					"$(inherited)",
					"@executable_path/Frameworks",
					"@loader_path/Frameworks",
				);
				PRODUCT_BUNDLE_IDENTIFIER = com.abraham.ParseChatTests;
				PRODUCT_NAME = "$(TARGET_NAME)";
				SWIFT_VERSION = 4.2;
				TARGETED_DEVICE_FAMILY = "1,2";
				TEST_HOST = "$(BUILT_PRODUCTS_DIR)/ParseChat.app/ParseChat";
			};
			name = Release;
		};
		A77BE4B8217E9C41000AB364 /* Debug */ = {
			isa = XCBuildConfiguration;
			baseConfigurationReference = E37AB9ECA022B9F987BC54C1 /* Pods-ParseChatUITests.debug.xcconfig */;
			buildSettings = {
				ALWAYS_EMBED_SWIFT_STANDARD_LIBRARIES = YES;
				CODE_SIGN_STYLE = Automatic;
				DEVELOPMENT_TEAM = 856QQ6N8B4;
				INFOPLIST_FILE = ParseChatUITests/Info.plist;
				LD_RUNPATH_SEARCH_PATHS = (
					"$(inherited)",
					"@executable_path/Frameworks",
					"@loader_path/Frameworks",
				);
				PRODUCT_BUNDLE_IDENTIFIER = com.abraham.ParseChatUITests;
				PRODUCT_NAME = "$(TARGET_NAME)";
				SWIFT_VERSION = 4.2;
				TARGETED_DEVICE_FAMILY = "1,2";
				TEST_TARGET_NAME = ParseChat;
			};
			name = Debug;
		};
		A77BE4B9217E9C41000AB364 /* Release */ = {
			isa = XCBuildConfiguration;
			baseConfigurationReference = 328F7B8615290018E8A2E9C9 /* Pods-ParseChatUITests.release.xcconfig */;
			buildSettings = {
				ALWAYS_EMBED_SWIFT_STANDARD_LIBRARIES = YES;
				CODE_SIGN_STYLE = Automatic;
				DEVELOPMENT_TEAM = 856QQ6N8B4;
				INFOPLIST_FILE = ParseChatUITests/Info.plist;
				LD_RUNPATH_SEARCH_PATHS = (
					"$(inherited)",
					"@executable_path/Frameworks",
					"@loader_path/Frameworks",
				);
				PRODUCT_BUNDLE_IDENTIFIER = com.abraham.ParseChatUITests;
				PRODUCT_NAME = "$(TARGET_NAME)";
				SWIFT_VERSION = 4.2;
				TARGETED_DEVICE_FAMILY = "1,2";
				TEST_TARGET_NAME = ParseChat;
			};
			name = Release;
		};
/* End XCBuildConfiguration section */

/* Begin XCConfigurationList section */
		A77BE484217E9C3D000AB364 /* Build configuration list for PBXProject "ParseChat" */ = {
			isa = XCConfigurationList;
			buildConfigurations = (
				A77BE4AF217E9C41000AB364 /* Debug */,
				A77BE4B0217E9C41000AB364 /* Release */,
			);
			defaultConfigurationIsVisible = 0;
			defaultConfigurationName = Release;
		};
		A77BE4B1217E9C41000AB364 /* Build configuration list for PBXNativeTarget "ParseChat" */ = {
			isa = XCConfigurationList;
			buildConfigurations = (
				A77BE4B2217E9C41000AB364 /* Debug */,
				A77BE4B3217E9C41000AB364 /* Release */,
			);
			defaultConfigurationIsVisible = 0;
			defaultConfigurationName = Release;
		};
		A77BE4B4217E9C41000AB364 /* Build configuration list for PBXNativeTarget "ParseChatTests" */ = {
			isa = XCConfigurationList;
			buildConfigurations = (
				A77BE4B5217E9C41000AB364 /* Debug */,
				A77BE4B6217E9C41000AB364 /* Release */,
			);
			defaultConfigurationIsVisible = 0;
			defaultConfigurationName = Release;
		};
		A77BE4B7217E9C41000AB364 /* Build configuration list for PBXNativeTarget "ParseChatUITests" */ = {
			isa = XCConfigurationList;
			buildConfigurations = (
				A77BE4B8217E9C41000AB364 /* Debug */,
				A77BE4B9217E9C41000AB364 /* Release */,
			);
			defaultConfigurationIsVisible = 0;
			defaultConfigurationName = Release;
		};
/* End XCConfigurationList section */
	};
	rootObject = A77BE481217E9C3D000AB364 /* Project object */;
}
